// !$*UTF8*$!
{
	archiveVersion = 1;
	classes = {
	};
	objectVersion = 46;
	objects = {

/* Begin PBXBuildFile section */
		1A847B8820069EE30018B5A7 /* GoogleService-Info.plist in Resources */ = {isa = PBXBuildFile; fileRef = 1A847B8720069EE30018B5A7 /* GoogleService-Info.plist */; };
		1AE91E5F1FF86FB2004C6798 /* AppDelegate.swift in Sources */ = {isa = PBXBuildFile; fileRef = 1AE91E5E1FF86FB2004C6798 /* AppDelegate.swift */; };
		1AE91E611FF86FB2004C6798 /* ViewController.swift in Sources */ = {isa = PBXBuildFile; fileRef = 1AE91E601FF86FB2004C6798 /* ViewController.swift */; };
		1AE91E641FF86FB2004C6798 /* Main.storyboard in Resources */ = {isa = PBXBuildFile; fileRef = 1AE91E621FF86FB2004C6798 /* Main.storyboard */; };
		1AE91E671FF86FB2004C6798 /* filemanager.xcdatamodeld in Sources */ = {isa = PBXBuildFile; fileRef = 1AE91E651FF86FB2004C6798 /* filemanager.xcdatamodeld */; };
		1AE91E691FF86FB3004C6798 /* Assets.xcassets in Resources */ = {isa = PBXBuildFile; fileRef = 1AE91E681FF86FB3004C6798 /* Assets.xcassets */; };
		1AE91E6C1FF86FB3004C6798 /* LaunchScreen.storyboard in Resources */ = {isa = PBXBuildFile; fileRef = 1AE91E6A1FF86FB3004C6798 /* LaunchScreen.storyboard */; };
		1AE91E741FF87DAC004C6798 /* win10upd.pdf in Resources */ = {isa = PBXBuildFile; fileRef = 1AE91E731FF87DAC004C6798 /* win10upd.pdf */; };
		5A32F3685D8A4D73527691B8 /* Pods_filemanager.framework in Frameworks */ = {isa = PBXBuildFile; fileRef = AA1D42DFAAD73334D6ADB637 /* Pods_filemanager.framework */; };
/* End PBXBuildFile section */

/* Begin PBXFileReference section */
		0D06F8138C393FB1B39C486C /* Pods-filemanager.release.xcconfig */ = {isa = PBXFileReference; includeInIndex = 1; lastKnownFileType = text.xcconfig; name = "Pods-filemanager.release.xcconfig"; path = "Pods/Target Support Files/Pods-filemanager/Pods-filemanager.release.xcconfig"; sourceTree = "<group>"; };
		1A847B8720069EE30018B5A7 /* GoogleService-Info.plist */ = {isa = PBXFileReference; fileEncoding = 4; lastKnownFileType = text.plist.xml; path = "GoogleService-Info.plist"; sourceTree = "<group>"; };
		1AE91E5B1FF86FB2004C6798 /* filemanager.app */ = {isa = PBXFileReference; explicitFileType = wrapper.application; includeInIndex = 0; path = filemanager.app; sourceTree = BUILT_PRODUCTS_DIR; };
		1AE91E5E1FF86FB2004C6798 /* AppDelegate.swift */ = {isa = PBXFileReference; lastKnownFileType = sourcecode.swift; path = AppDelegate.swift; sourceTree = "<group>"; };
		1AE91E601FF86FB2004C6798 /* ViewController.swift */ = {isa = PBXFileReference; lastKnownFileType = sourcecode.swift; path = ViewController.swift; sourceTree = "<group>"; };
		1AE91E631FF86FB2004C6798 /* Base */ = {isa = PBXFileReference; lastKnownFileType = file.storyboard; name = Base; path = Base.lproj/Main.storyboard; sourceTree = "<group>"; };
		1AE91E661FF86FB2004C6798 /* filemanager.xcdatamodel */ = {isa = PBXFileReference; lastKnownFileType = wrapper.xcdatamodel; path = filemanager.xcdatamodel; sourceTree = "<group>"; };
		1AE91E681FF86FB3004C6798 /* Assets.xcassets */ = {isa = PBXFileReference; lastKnownFileType = folder.assetcatalog; path = Assets.xcassets; sourceTree = "<group>"; };
		1AE91E6B1FF86FB3004C6798 /* Base */ = {isa = PBXFileReference; lastKnownFileType = file.storyboard; name = Base; path = Base.lproj/LaunchScreen.storyboard; sourceTree = "<group>"; };
		1AE91E6D1FF86FB3004C6798 /* Info.plist */ = {isa = PBXFileReference; lastKnownFileType = text.plist.xml; path = Info.plist; sourceTree = "<group>"; };
		1AE91E731FF87DAC004C6798 /* win10upd.pdf */ = {isa = PBXFileReference; lastKnownFileType = image.pdf; path = win10upd.pdf; sourceTree = "<group>"; };
		2A3D01E63EEBFB92F80C9CAE /* Pods-filemanager.debug.xcconfig */ = {isa = PBXFileReference; includeInIndex = 1; lastKnownFileType = text.xcconfig; name = "Pods-filemanager.debug.xcconfig"; path = "Pods/Target Support Files/Pods-filemanager/Pods-filemanager.debug.xcconfig"; sourceTree = "<group>"; };
		AA1D42DFAAD73334D6ADB637 /* Pods_filemanager.framework */ = {isa = PBXFileReference; explicitFileType = wrapper.framework; includeInIndex = 0; path = Pods_filemanager.framework; sourceTree = BUILT_PRODUCTS_DIR; };
/* End PBXFileReference section */

/* Begin PBXFrameworksBuildPhase section */
		1AE91E581FF86FB2004C6798 /* Frameworks */ = {
			isa = PBXFrameworksBuildPhase;
			buildActionMask = 2147483647;
			files = (
				5A32F3685D8A4D73527691B8 /* Pods_filemanager.framework in Frameworks */,
			);
			runOnlyForDeploymentPostprocessing = 0;
		};
/* End PBXFrameworksBuildPhase section */

/* Begin PBXGroup section */
		1AE91E521FF86FB2004C6798 = {
			isa = PBXGroup;
			children = (
				1AE91E5D1FF86FB2004C6798 /* filemanager */,
				1AE91E5C1FF86FB2004C6798 /* Products */,
				9FD2468DEC972A44E3F012AB /* Pods */,
				72F7DF2A9633946116D1FCBF /* Frameworks */,
			);
			sourceTree = "<group>";
		};
		1AE91E5C1FF86FB2004C6798 /* Products */ = {
			isa = PBXGroup;
			children = (
				1AE91E5B1FF86FB2004C6798 /* filemanager.app */,
			);
			name = Products;
			sourceTree = "<group>";
		};
		1AE91E5D1FF86FB2004C6798 /* filemanager */ = {
			isa = PBXGroup;
			children = (
				1AE91E731FF87DAC004C6798 /* win10upd.pdf */,
				1AE91E5E1FF86FB2004C6798 /* AppDelegate.swift */,
				1AE91E601FF86FB2004C6798 /* ViewController.swift */,
				1AE91E621FF86FB2004C6798 /* Main.storyboard */,
				1AE91E681FF86FB3004C6798 /* Assets.xcassets */,
				1AE91E6A1FF86FB3004C6798 /* LaunchScreen.storyboard */,
				1AE91E6D1FF86FB3004C6798 /* Info.plist */,
				1AE91E651FF86FB2004C6798 /* filemanager.xcdatamodeld */,
				1A847B8720069EE30018B5A7 /* GoogleService-Info.plist */,
			);
			path = filemanager;
			sourceTree = "<group>";
		};
		72F7DF2A9633946116D1FCBF /* Frameworks */ = {
			isa = PBXGroup;
			children = (
				AA1D42DFAAD73334D6ADB637 /* Pods_filemanager.framework */,
			);
			name = Frameworks;
			sourceTree = "<group>";
		};
		9FD2468DEC972A44E3F012AB /* Pods */ = {
			isa = PBXGroup;
			children = (
				2A3D01E63EEBFB92F80C9CAE /* Pods-filemanager.debug.xcconfig */,
				0D06F8138C393FB1B39C486C /* Pods-filemanager.release.xcconfig */,
			);
			name = Pods;
			sourceTree = "<group>";
		};
/* End PBXGroup section */

/* Begin PBXNativeTarget section */
		1AE91E5A1FF86FB2004C6798 /* filemanager */ = {
			isa = PBXNativeTarget;
			buildConfigurationList = 1AE91E701FF86FB3004C6798 /* Build configuration list for PBXNativeTarget "filemanager" */;
			buildPhases = (
				A01F7CE5B4D965CE1B1053F3 /* [CP] Check Pods Manifest.lock */,
				1AE91E571FF86FB2004C6798 /* Sources */,
				1AE91E581FF86FB2004C6798 /* Frameworks */,
				1AE91E591FF86FB2004C6798 /* Resources */,
				A13F86BBC7F73AC4976EC899 /* [CP] Embed Pods Frameworks */,
				80A71DF877153CFFBB3342BC /* [CP] Copy Pods Resources */,
			);
			buildRules = (
			);
			dependencies = (
			);
			name = filemanager;
			productName = filemanager;
			productReference = 1AE91E5B1FF86FB2004C6798 /* filemanager.app */;
			productType = "com.apple.product-type.application";
		};
/* End PBXNativeTarget section */

/* Begin PBXProject section */
		1AE91E531FF86FB2004C6798 /* Project object */ = {
			isa = PBXProject;
			attributes = {
				LastSwiftUpdateCheck = 0820;
				LastUpgradeCheck = 0820;
				ORGANIZATIONNAME = ibrahimdn;
				TargetAttributes = {
					1AE91E5A1FF86FB2004C6798 = {
						CreatedOnToolsVersion = 8.2.1;
						ProvisioningStyle = Automatic;
					};
				};
			};
			buildConfigurationList = 1AE91E561FF86FB2004C6798 /* Build configuration list for PBXProject "filemanager" */;
			compatibilityVersion = "Xcode 3.2";
			developmentRegion = English;
			hasScannedForEncodings = 0;
			knownRegions = (
				en,
				Base,
			);
			mainGroup = 1AE91E521FF86FB2004C6798;
			productRefGroup = 1AE91E5C1FF86FB2004C6798 /* Products */;
			projectDirPath = "";
			projectRoot = "";
			targets = (
				1AE91E5A1FF86FB2004C6798 /* filemanager */,
			);
		};
/* End PBXProject section */

/* Begin PBXResourcesBuildPhase section */
		1AE91E591FF86FB2004C6798 /* Resources */ = {
			isa = PBXResourcesBuildPhase;
			buildActionMask = 2147483647;
			files = (
				1A847B8820069EE30018B5A7 /* GoogleService-Info.plist in Resources */,
				1AE91E741FF87DAC004C6798 /* win10upd.pdf in Resources */,
				1AE91E6C1FF86FB3004C6798 /* LaunchScreen.storyboard in Resources */,
				1AE91E691FF86FB3004C6798 /* Assets.xcassets in Resources */,
				1AE91E641FF86FB2004C6798 /* Main.storyboard in Resources */,
			);
			runOnlyForDeploymentPostprocessing = 0;
		};
/* End PBXResourcesBuildPhase section */

/* Begin PBXShellScriptBuildPhase section */
		80A71DF877153CFFBB3342BC /* [CP] Copy Pods Resources */ = {
			isa = PBXShellScriptBuildPhase;
			buildActionMask = 2147483647;
			files = (
			);
			inputPaths = (
			);
			name = "[CP] Copy Pods Resources";
			outputPaths = (
			);
			runOnlyForDeploymentPostprocessing = 0;
			shellPath = /bin/sh;
			shellScript = "\"${SRCROOT}/Pods/Target Support Files/Pods-filemanager/Pods-filemanager-resources.sh\"\n";
			showEnvVarsInLog = 0;
		};
		A01F7CE5B4D965CE1B1053F3 /* [CP] Check Pods Manifest.lock */ = {
			isa = PBXShellScriptBuildPhase;
			buildActionMask = 2147483647;
			files = (
			);
			inputPaths = (
				"${PODS_PODFILE_DIR_PATH}/Podfile.lock",
				"${PODS_ROOT}/Manifest.lock",
			);
			name = "[CP] Check Pods Manifest.lock";
			outputPaths = (
				"$(DERIVED_FILE_DIR)/Pods-filemanager-checkManifestLockResult.txt",
			);
			runOnlyForDeploymentPostprocessing = 0;
			shellPath = /bin/sh;
			shellScript = "diff \"${PODS_PODFILE_DIR_PATH}/Podfile.lock\" \"${PODS_ROOT}/Manifest.lock\" > /dev/null\nif [ $? != 0 ] ; then\n    # print error to STDERR\n    echo \"error: The sandbox is not in sync with the Podfile.lock. Run 'pod install' or update your CocoaPods installation.\" >&2\n    exit 1\nfi\n# This output is used by Xcode 'outputs' to avoid re-running this script phase.\necho \"SUCCESS\" > \"${SCRIPT_OUTPUT_FILE_0}\"\n";
			showEnvVarsInLog = 0;
		};
		A13F86BBC7F73AC4976EC899 /* [CP] Embed Pods Frameworks */ = {
			isa = PBXShellScriptBuildPhase;
			buildActionMask = 2147483647;
			files = (
			);
			inputPaths = (
				"${SRCROOT}/Pods/Target Support Files/Pods-filemanager/Pods-filemanager-frameworks.sh",
				"${BUILT_PRODUCTS_DIR}/GTMSessionFetcher/GTMSessionFetcher.framework",
				"${BUILT_PRODUCTS_DIR}/GoogleToolboxForMac/GoogleToolboxForMac.framework",
				"${BUILT_PRODUCTS_DIR}/leveldb-library/leveldb.framework",
				"${BUILT_PRODUCTS_DIR}/nanopb/nanopb.framework",
			);
			name = "[CP] Embed Pods Frameworks";
			outputPaths = (
				"${TARGET_BUILD_DIR}/${FRAMEWORKS_FOLDER_PATH}/GTMSessionFetcher.framework",
				"${TARGET_BUILD_DIR}/${FRAMEWORKS_FOLDER_PATH}/GoogleToolboxForMac.framework",
				"${TARGET_BUILD_DIR}/${FRAMEWORKS_FOLDER_PATH}/leveldb.framework",
				"${TARGET_BUILD_DIR}/${FRAMEWORKS_FOLDER_PATH}/nanopb.framework",
			);
			runOnlyForDeploymentPostprocessing = 0;
			shellPath = /bin/sh;
			shellScript = "\"${SRCROOT}/Pods/Target Support Files/Pods-filemanager/Pods-filemanager-frameworks.sh\"\n";
			showEnvVarsInLog = 0;
		};
/* End PBXShellScriptBuildPhase section */

/* Begin PBXSourcesBuildPhase section */
		1AE91E571FF86FB2004C6798 /* Sources */ = {
			isa = PBXSourcesBuildPhase;
			buildActionMask = 2147483647;
			files = (
				1AE91E611FF86FB2004C6798 /* ViewController.swift in Sources */,
				1AE91E671FF86FB2004C6798 /* filemanager.xcdatamodeld in Sources */,
				1AE91E5F1FF86FB2004C6798 /* AppDelegate.swift in Sources */,
			);
			runOnlyForDeploymentPostprocessing = 0;
		};
/* End PBXSourcesBuildPhase section */

/* Begin PBXVariantGroup section */
		1AE91E621FF86FB2004C6798 /* Main.storyboard */ = {
			isa = PBXVariantGroup;
			children = (
				1AE91E631FF86FB2004C6798 /* Base */,
			);
			name = Main.storyboard;
			sourceTree = "<group>";
		};
		1AE91E6A1FF86FB3004C6798 /* LaunchScreen.storyboard */ = {
			isa = PBXVariantGroup;
			children = (
				1AE91E6B1FF86FB3004C6798 /* Base */,
			);
			name = LaunchScreen.storyboard;
			sourceTree = "<group>";
		};
/* End PBXVariantGroup section */

/* Begin XCBuildConfiguration section */
		1AE91E6E1FF86FB3004C6798 /* Debug */ = {
			isa = XCBuildConfiguration;
			buildSettings = {
				ALWAYS_SEARCH_USER_PATHS = NO;
				CLANG_ANALYZER_NONNULL = YES;
				CLANG_CXX_LANGUAGE_STANDARD = "gnu++0x";
				CLANG_CXX_LIBRARY = "libc++";
				CLANG_ENABLE_MODULES = YES;
				CLANG_ENABLE_OBJC_ARC = YES;
				CLANG_WARN_BOOL_CONVERSION = YES;
				CLANG_WARN_CONSTANT_CONVERSION = YES;
				CLANG_WARN_DIRECT_OBJC_ISA_USAGE = YES_ERROR;
				CLANG_WARN_DOCUMENTATION_COMMENTS = YES;
				CLANG_WARN_EMPTY_BODY = YES;
				CLANG_WARN_ENUM_CONVERSION = YES;
				CLANG_WARN_INFINITE_RECURSION = YES;
				CLANG_WARN_INT_CONVERSION = YES;
				CLANG_WARN_OBJC_ROOT_CLASS = YES_ERROR;
				CLANG_WARN_SUSPICIOUS_MOVE = YES;
				CLANG_WARN_UNREACHABLE_CODE = YES;
				CLANG_WARN__DUPLICATE_METHOD_MATCH = YES;
				"CODE_SIGN_IDENTITY[sdk=iphoneos*]" = "iPhone Developer";
				COPY_PHASE_STRIP = NO;
				DEBUG_INFORMATION_FORMAT = dwarf;
				ENABLE_STRICT_OBJC_MSGSEND = YES;
				ENABLE_TESTABILITY = YES;
				GCC_C_LANGUAGE_STANDARD = gnu99;
				GCC_DYNAMIC_NO_PIC = NO;
				GCC_NO_COMMON_BLOCKS = YES;
				GCC_OPTIMIZATION_LEVEL = 0;
				GCC_PREPROCESSOR_DEFINITIONS = (
					"DEBUG=1",
					"$(inherited)",
				);
				GCC_WARN_64_TO_32_BIT_CONVERSION = YES;
				GCC_WARN_ABOUT_RETURN_TYPE = YES_ERROR;
				GCC_WARN_UNDECLARED_SELECTOR = YES;
				GCC_WARN_UNINITIALIZED_AUTOS = YES_AGGRESSIVE;
				GCC_WARN_UNUSED_FUNCTION = YES;
				GCC_WARN_UNUSED_VARIABLE = YES;
				IPHONEOS_DEPLOYMENT_TARGET = 10.2;
				MTL_ENABLE_DEBUG_INFO = YES;
				ONLY_ACTIVE_ARCH = YES;
				SDKROOT = iphoneos;
				SWIFT_ACTIVE_COMPILATION_CONDITIONS = DEBUG;
				SWIFT_OPTIMIZATION_LEVEL = "-Onone";
				TARGETED_DEVICE_FAMILY = "1,2";
			};
			name = Debug;
		};
		1AE91E6F1FF86FB3004C6798 /* Release */ = {
			isa = XCBuildConfiguration;
			buildSettings = {
				ALWAYS_SEARCH_USER_PATHS = NO;
				CLANG_ANALYZER_NONNULL = YES;
				CLANG_CXX_LANGUAGE_STANDARD = "gnu++0x";
				CLANG_CXX_LIBRARY = "libc++";
				CLANG_ENABLE_MODULES = YES;
				CLANG_ENABLE_OBJC_ARC = YES;
				CLANG_WARN_BOOL_CONVERSION = YES;
				CLANG_WARN_CONSTANT_CONVERSION = YES;
				CLANG_WARN_DIRECT_OBJC_ISA_USAGE = YES_ERROR;
				CLANG_WARN_DOCUMENTATION_COMMENTS = YES;
				CLANG_WARN_EMPTY_BODY = YES;
				CLANG_WARN_ENUM_CONVERSION = YES;
				CLANG_WARN_INFINITE_RECURSION = YES;
				CLANG_WARN_INT_CONVERSION = YES;
				CLANG_WARN_OBJC_ROOT_CLASS = YES_ERROR;
				CLANG_WARN_SUSPICIOUS_MOVE = YES;
				CLANG_WARN_UNREACHABLE_CODE = YES;
				CLANG_WARN__DUPLICATE_METHOD_MATCH = YES;
				"CODE_SIGN_IDENTITY[sdk=iphoneos*]" = "iPhone Developer";
				COPY_PHASE_STRIP = NO;
				DEBUG_INFORMATION_FORMAT = "dwarf-with-dsym";
				ENABLE_NS_ASSERTIONS = NO;
				ENABLE_STRICT_OBJC_MSGSEND = YES;
				GCC_C_LANGUAGE_STANDARD = gnu99;
				GCC_NO_COMMON_BLOCKS = YES;
				GCC_WARN_64_TO_32_BIT_CONVERSION = YES;
				GCC_WARN_ABOUT_RETURN_TYPE = YES_ERROR;
				GCC_WARN_UNDECLARED_SELECTOR = YES;
				GCC_WARN_UNINITIALIZED_AUTOS = YES_AGGRESSIVE;
				GCC_WARN_UNUSED_FUNCTION = YES;
				GCC_WARN_UNUSED_VARIABLE = YES;
				IPHONEOS_DEPLOYMENT_TARGET = 10.2;
				MTL_ENABLE_DEBUG_INFO = NO;
				SDKROOT = iphoneos;
				SWIFT_OPTIMIZATION_LEVEL = "-Owholemodule";
				TARGETED_DEVICE_FAMILY = "1,2";
				VALIDATE_PRODUCT = YES;
			};
			name = Release;
		};
		1AE91E711FF86FB3004C6798 /* Debug */ = {
			isa = XCBuildConfiguration;
			baseConfigurationReference = 2A3D01E63EEBFB92F80C9CAE /* Pods-filemanager.debug.xcconfig */;
			buildSettings = {
				ASSETCATALOG_COMPILER_APPICON_NAME = AppIcon;
				INFOPLIST_FILE = filemanager/Info.plist;
				LD_RUNPATH_SEARCH_PATHS = "$(inherited) @executable_path/Frameworks";
				PRODUCT_BUNDLE_IDENTIFIER = ibrhmdn.filemanager;
				PRODUCT_NAME = "$(TARGET_NAME)";
				SWIFT_VERSION = 3.0;
			};
			name = Debug;
		};
		1AE91E721FF86FB3004C6798 /* Release */ = {
			isa = XCBuildConfiguration;
			baseConfigurationReference = 0D06F8138C393FB1B39C486C /* Pods-filemanager.release.xcconfig */;
			buildSettings = {
				ASSETCATALOG_COMPILER_APPICON_NAME = AppIcon;
				INFOPLIST_FILE = filemanager/Info.plist;
				LD_RUNPATH_SEARCH_PATHS = "$(inherited) @executable_path/Frameworks";
				PRODUCT_BUNDLE_IDENTIFIER = ibrhmdn.filemanager;
				PRODUCT_NAME = "$(TARGET_NAME)";
				SWIFT_VERSION = 3.0;
			};
			name = Release;
		};
/* End XCBuildConfiguration section */

/* Begin XCConfigurationList section */
		1AE91E561FF86FB2004C6798 /* Build configuration list for PBXProject "filemanager" */ = {
			isa = XCConfigurationList;
			buildConfigurations = (
				1AE91E6E1FF86FB3004C6798 /* Debug */,
				1AE91E6F1FF86FB3004C6798 /* Release */,
			);
			defaultConfigurationIsVisible = 0;
			defaultConfigurationName = Release;
		};
		1AE91E701FF86FB3004C6798 /* Build configuration list for PBXNativeTarget "filemanager" */ = {
			isa = XCConfigurationList;
			buildConfigurations = (
				1AE91E711FF86FB3004C6798 /* Debug */,
				1AE91E721FF86FB3004C6798 /* Release */,
			);
			defaultConfigurationIsVisible = 0;
			defaultConfigurationName = Release;
		};
/* End XCConfigurationList section */

/* Begin XCVersionGroup section */
		1AE91E651FF86FB2004C6798 /* filemanager.xcdatamodeld */ = {
			isa = XCVersionGroup;
			children = (
				1AE91E661FF86FB2004C6798 /* filemanager.xcdatamodel */,
			);
			currentVersion = 1AE91E661FF86FB2004C6798 /* filemanager.xcdatamodel */;
			path = filemanager.xcdatamodeld;
			sourceTree = "<group>";
			versionGroupType = wrapper.xcdatamodel;
		};
/* End XCVersionGroup section */
	};
	rootObject = 1AE91E531FF86FB2004C6798 /* Project object */;
}
